
Microsoft Visual Studio Solution File, Format Version 12.00
# Visual Studio Version 17
VisualStudioVersion = 17.12.35707.178
MinimumVisualStudioVersion = 10.0.40219.1
Project("{FAE04EC0-301F-11D3-BF4B-00C04F79EFBC}") = "CaptionMaker", "CaptionMaker\CaptionMaker.csproj", "{EC865FDD-2239-4C79-81F8-99420165B926}"
EndProject
Project("{FAE04EC0-301F-11D3-BF4B-00C04F79EFBC}") = "CaptionMaker.Test", "CaptionMaker.Test\CaptionMaker.Test.csproj", "{9A7723DC-B54C-4EFE-B3C9-D10805E9EF6A}"
EndProject
Project("{FAE04EC0-301F-11D3-BF4B-00C04F79EFBC}") = "CaptionMaker.Data", "CaptionMaker.Data\CaptionMaker.Data.csproj", "{D457ACAD-90B3-40FC-8064-D127707508AA}"
EndProject
Project("{FAE04EC0-301F-11D3-BF4B-00C04F79EFBC}") = "CaptionMaker.Files", "CaptionMaker.Files\CaptionMaker.Files.csproj", "{4056CCC1-E64F-458D-B38D-051A9E5B0652}"
EndProject
Project("{E53339B2-1760-4266-BCC7-CA923CBCF16C}") = "docker-compose", "docker-compose.dcproj", "{81DDED9D-158B-E303-5F62-77A2896D2A5A}"
EndProject
Global
	GlobalSection(SolutionConfigurationPlatforms) = preSolution
		Debug|Any CPU = Debug|Any CPU
		Release|Any CPU = Release|Any CPU
	EndGlobalSection
	GlobalSection(ProjectConfigurationPlatforms) = postSolution
		{EC865FDD-2239-4C79-81F8-99420165B926}.Debug|Any CPU.ActiveCfg = Debug|Any CPU
		{EC865FDD-2239-4C79-81F8-99420165B926}.Debug|Any CPU.Build.0 = Debug|Any CPU
		{EC865FDD-2239-4C79-81F8-99420165B926}.Release|Any CPU.ActiveCfg = Release|Any CPU
		{EC865FDD-2239-4C79-81F8-99420165B926}.Release|Any CPU.Build.0 = Release|Any CPU
		{9A7723DC-B54C-4EFE-B3C9-D10805E9EF6A}.Debug|Any CPU.ActiveCfg = Debug|Any CPU
		{9A7723DC-B54C-4EFE-B3C9-D10805E9EF6A}.Debug|Any CPU.Build.0 = Debug|Any CPU
		{9A7723DC-B54C-4EFE-B3C9-D10805E9EF6A}.Release|Any CPU.ActiveCfg = Release|Any CPU
		{9A7723DC-B54C-4EFE-B3C9-D10805E9EF6A}.Release|Any CPU.Build.0 = Release|Any CPU
		{D457ACAD-90B3-40FC-8064-D127707508AA}.Debug|Any CPU.ActiveCfg = Debug|Any CPU
		{D457ACAD-90B3-40FC-8064-D127707508AA}.Debug|Any CPU.Build.0 = Debug|Any CPU
		{D457ACAD-90B3-40FC-8064-D127707508AA}.Release|Any CPU.ActiveCfg = Release|Any CPU
		{D457ACAD-90B3-40FC-8064-D127707508AA}.Release|Any CPU.Build.0 = Release|Any CPU
		{4056CCC1-E64F-458D-B38D-051A9E5B0652}.Debug|Any CPU.ActiveCfg = Debug|Any CPU
		{4056CCC1-E64F-458D-B38D-051A9E5B0652}.Debug|Any CPU.Build.0 = Debug|Any CPU
		{4056CCC1-E64F-458D-B38D-051A9E5B0652}.Release|Any CPU.ActiveCfg = Release|Any CPU
		{4056CCC1-E64F-458D-B38D-051A9E5B0652}.Release|Any CPU.Build.0 = Release|Any CPU
		{81DDED9D-158B-E303-5F62-77A2896D2A5A}.Debug|Any CPU.ActiveCfg = Debug|Any CPU
		{81DDED9D-158B-E303-5F62-77A2896D2A5A}.Debug|Any CPU.Build.0 = Debug|Any CPU
		{81DDED9D-158B-E303-5F62-77A2896D2A5A}.Release|Any CPU.ActiveCfg = Release|Any CPU
		{81DDED9D-158B-E303-5F62-77A2896D2A5A}.Release|Any CPU.Build.0 = Release|Any CPU
	EndGlobalSection
	GlobalSection(SolutionProperties) = preSolution
		HideSolutionNode = FALSE
	EndGlobalSection
	GlobalSection(ExtensibilityGlobals) = postSolution
		SolutionGuid = {0B83B47E-5A17-4A62-8ABD-F43A7306F727}
	EndGlobalSection
EndGlobal
